
Microsoft Visual Studio Solution File, Format Version 12.00
# Visual Studio Version 17
VisualStudioVersion = 17.0.31903.59
MinimumVisualStudioVersion = 10.0.40219.1
Project("{2150E333-8FDC-42A3-9474-1A3956D46DE8}") = "src", "src", "{827E0CD3-B72D-47B6-A68D-7590B98EB39B}"
EndProject
Project("{F2A71F9B-5D33-465A-A702-920D77279786}") = "FsApi.Domain", "src\FsApi.Domain\FsApi.Domain.fsproj", "{C77E19F5-7315-47A6-8790-3F497DFAF6F1}"
EndProject
Project("{F2A71F9B-5D33-465A-A702-920D77279786}") = "FsApi.UseCase", "src\FsApi.UseCase\FsApi.UseCase.fsproj", "{E56F8D4C-8205-4D08-9AE9-ECC1C4E19B32}"
EndProject
Project("{F2A71F9B-5D33-465A-A702-920D77279786}") = "FsApi.Infra", "src\FsApi.Infra\FsApi.Infra.fsproj", "{0C34EC8E-9491-4C68-84A1-5B1D35693548}"
EndProject
Project("{F2A71F9B-5D33-465A-A702-920D77279786}") = "FsApi.Api", "src\FsApi.Api\FsApi.Api.fsproj", "{60575534-5B1F-4A38-A345-75A622719DDE}"
EndProject
Project("{F2A71F9B-5D33-465A-A702-920D77279786}") = "FsApi.Batch", "src\FsApi.Batch\FsApi.Batch.fsproj", "{650B7E22-7A91-4F55-8585-B51A94FF95DC}"
EndProject
Global
	GlobalSection(SolutionConfigurationPlatforms) = preSolution
		Debug|Any CPU = Debug|Any CPU
		Debug|x64 = Debug|x64
		Debug|x86 = Debug|x86
		Release|Any CPU = Release|Any CPU
		Release|x64 = Release|x64
		Release|x86 = Release|x86
	EndGlobalSection
	GlobalSection(ProjectConfigurationPlatforms) = postSolution
		{C77E19F5-7315-47A6-8790-3F497DFAF6F1}.Debug|Any CPU.ActiveCfg = Debug|Any CPU
		{C77E19F5-7315-47A6-8790-3F497DFAF6F1}.Debug|Any CPU.Build.0 = Debug|Any CPU
		{C77E19F5-7315-47A6-8790-3F497DFAF6F1}.Debug|x64.ActiveCfg = Debug|Any CPU
		{C77E19F5-7315-47A6-8790-3F497DFAF6F1}.Debug|x64.Build.0 = Debug|Any CPU
		{C77E19F5-7315-47A6-8790-3F497DFAF6F1}.Debug|x86.ActiveCfg = Debug|Any CPU
		{C77E19F5-7315-47A6-8790-3F497DFAF6F1}.Debug|x86.Build.0 = Debug|Any CPU
		{C77E19F5-7315-47A6-8790-3F497DFAF6F1}.Release|Any CPU.ActiveCfg = Release|Any CPU
		{C77E19F5-7315-47A6-8790-3F497DFAF6F1}.Release|Any CPU.Build.0 = Release|Any CPU
		{C77E19F5-7315-47A6-8790-3F497DFAF6F1}.Release|x64.ActiveCfg = Release|Any CPU
		{C77E19F5-7315-47A6-8790-3F497DFAF6F1}.Release|x64.Build.0 = Release|Any CPU
		{C77E19F5-7315-47A6-8790-3F497DFAF6F1}.Release|x86.ActiveCfg = Release|Any CPU
		{C77E19F5-7315-47A6-8790-3F497DFAF6F1}.Release|x86.Build.0 = Release|Any CPU
		{E56F8D4C-8205-4D08-9AE9-ECC1C4E19B32}.Debug|Any CPU.ActiveCfg = Debug|Any CPU
		{E56F8D4C-8205-4D08-9AE9-ECC1C4E19B32}.Debug|Any CPU.Build.0 = Debug|Any CPU
		{E56F8D4C-8205-4D08-9AE9-ECC1C4E19B32}.Debug|x64.ActiveCfg = Debug|Any CPU
		{E56F8D4C-8205-4D08-9AE9-ECC1C4E19B32}.Debug|x64.Build.0 = Debug|Any CPU
		{E56F8D4C-8205-4D08-9AE9-ECC1C4E19B32}.Debug|x86.ActiveCfg = Debug|Any CPU
		{E56F8D4C-8205-4D08-9AE9-ECC1C4E19B32}.Debug|x86.Build.0 = Debug|Any CPU
		{E56F8D4C-8205-4D08-9AE9-ECC1C4E19B32}.Release|Any CPU.ActiveCfg = Release|Any CPU
		{E56F8D4C-8205-4D08-9AE9-ECC1C4E19B32}.Release|Any CPU.Build.0 = Release|Any CPU
		{E56F8D4C-8205-4D08-9AE9-ECC1C4E19B32}.Release|x64.ActiveCfg = Release|Any CPU
		{E56F8D4C-8205-4D08-9AE9-ECC1C4E19B32}.Release|x64.Build.0 = Release|Any CPU
		{E56F8D4C-8205-4D08-9AE9-ECC1C4E19B32}.Release|x86.ActiveCfg = Release|Any CPU
		{E56F8D4C-8205-4D08-9AE9-ECC1C4E19B32}.Release|x86.Build.0 = Release|Any CPU
		{0C34EC8E-9491-4C68-84A1-5B1D35693548}.Debug|Any CPU.ActiveCfg = Debug|Any CPU
		{0C34EC8E-9491-4C68-84A1-5B1D35693548}.Debug|Any CPU.Build.0 = Debug|Any CPU
		{0C34EC8E-9491-4C68-84A1-5B1D35693548}.Debug|x64.ActiveCfg = Debug|Any CPU
		{0C34EC8E-9491-4C68-84A1-5B1D35693548}.Debug|x64.Build.0 = Debug|Any CPU
		{0C34EC8E-9491-4C68-84A1-5B1D35693548}.Debug|x86.ActiveCfg = Debug|Any CPU
		{0C34EC8E-9491-4C68-84A1-5B1D35693548}.Debug|x86.Build.0 = Debug|Any CPU
		{0C34EC8E-9491-4C68-84A1-5B1D35693548}.Release|Any CPU.ActiveCfg = Release|Any CPU
		{0C34EC8E-9491-4C68-84A1-5B1D35693548}.Release|Any CPU.Build.0 = Release|Any CPU
		{0C34EC8E-9491-4C68-84A1-5B1D35693548}.Release|x64.ActiveCfg = Release|Any CPU
		{0C34EC8E-9491-4C68-84A1-5B1D35693548}.Release|x64.Build.0 = Release|Any CPU
		{0C34EC8E-9491-4C68-84A1-5B1D35693548}.Release|x86.ActiveCfg = Release|Any CPU
		{0C34EC8E-9491-4C68-84A1-5B1D35693548}.Release|x86.Build.0 = Release|Any CPU
		{60575534-5B1F-4A38-A345-75A622719DDE}.Debug|Any CPU.ActiveCfg = Debug|Any CPU
		{60575534-5B1F-4A38-A345-75A622719DDE}.Debug|Any CPU.Build.0 = Debug|Any CPU
		{60575534-5B1F-4A38-A345-75A622719DDE}.Debug|x64.ActiveCfg = Debug|Any CPU
		{60575534-5B1F-4A38-A345-75A622719DDE}.Debug|x64.Build.0 = Debug|Any CPU
		{60575534-5B1F-4A38-A345-75A622719DDE}.Debug|x86.ActiveCfg = Debug|Any CPU
		{60575534-5B1F-4A38-A345-75A622719DDE}.Debug|x86.Build.0 = Debug|Any CPU
		{60575534-5B1F-4A38-A345-75A622719DDE}.Release|Any CPU.ActiveCfg = Release|Any CPU
		{60575534-5B1F-4A38-A345-75A622719DDE}.Release|Any CPU.Build.0 = Release|Any CPU
		{60575534-5B1F-4A38-A345-75A622719DDE}.Release|x64.ActiveCfg = Release|Any CPU
		{60575534-5B1F-4A38-A345-75A622719DDE}.Release|x64.Build.0 = Release|Any CPU
		{60575534-5B1F-4A38-A345-75A622719DDE}.Release|x86.ActiveCfg = Release|Any CPU
		{60575534-5B1F-4A38-A345-75A622719DDE}.Release|x86.Build.0 = Release|Any CPU
		{650B7E22-7A91-4F55-8585-B51A94FF95DC}.Debug|Any CPU.ActiveCfg = Debug|Any CPU
		{650B7E22-7A91-4F55-8585-B51A94FF95DC}.Debug|Any CPU.Build.0 = Debug|Any CPU
		{650B7E22-7A91-4F55-8585-B51A94FF95DC}.Debug|x64.ActiveCfg = Debug|Any CPU
		{650B7E22-7A91-4F55-8585-B51A94FF95DC}.Debug|x64.Build.0 = Debug|Any CPU
		{650B7E22-7A91-4F55-8585-B51A94FF95DC}.Debug|x86.ActiveCfg = Debug|Any CPU
		{650B7E22-7A91-4F55-8585-B51A94FF95DC}.Debug|x86.Build.0 = Debug|Any CPU
		{650B7E22-7A91-4F55-8585-B51A94FF95DC}.Release|Any CPU.ActiveCfg = Release|Any CPU
		{650B7E22-7A91-4F55-8585-B51A94FF95DC}.Release|Any CPU.Build.0 = Release|Any CPU
		{650B7E22-7A91-4F55-8585-B51A94FF95DC}.Release|x64.ActiveCfg = Release|Any CPU
		{650B7E22-7A91-4F55-8585-B51A94FF95DC}.Release|x64.Build.0 = Release|Any CPU
		{650B7E22-7A91-4F55-8585-B51A94FF95DC}.Release|x86.ActiveCfg = Release|Any CPU
		{650B7E22-7A91-4F55-8585-B51A94FF95DC}.Release|x86.Build.0 = Release|Any CPU
	EndGlobalSection
	GlobalSection(SolutionProperties) = preSolution
		HideSolutionNode = FALSE
	EndGlobalSection
	GlobalSection(NestedProjects) = preSolution
		{C77E19F5-7315-47A6-8790-3F497DFAF6F1} = {827E0CD3-B72D-47B6-A68D-7590B98EB39B}
		{E56F8D4C-8205-4D08-9AE9-ECC1C4E19B32} = {827E0CD3-B72D-47B6-A68D-7590B98EB39B}
		{0C34EC8E-9491-4C68-84A1-5B1D35693548} = {827E0CD3-B72D-47B6-A68D-7590B98EB39B}
		{60575534-5B1F-4A38-A345-75A622719DDE} = {827E0CD3-B72D-47B6-A68D-7590B98EB39B}
		{650B7E22-7A91-4F55-8585-B51A94FF95DC} = {827E0CD3-B72D-47B6-A68D-7590B98EB39B}
	EndGlobalSection
EndGlobal
