
Microsoft Visual Studio Solution File, Format Version 12.00
# Visual Studio Version 17
VisualStudioVersion = 17.0.31903.59
MinimumVisualStudioVersion = 10.0.40219.1
Project("{2150E333-8FDC-42A3-9474-1A3956D46DE8}") = "src", "src", "{827E0CD3-B72D-47B6-A68D-7590B98EB39B}"
EndProject
Project("{F2A71F9B-5D33-465A-A702-920D77279786}") = "FsApi.Infra", "src\FsApi.Infra\FsApi.Infra.fsproj", "{0C34EC8E-9491-4C68-84A1-5B1D35693548}"
EndProject
Project("{F2A71F9B-5D33-465A-A702-920D77279786}") = "FsApi.Api", "src\FsApi.Api\FsApi.Api.fsproj", "{60575534-5B1F-4A38-A345-75A622719DDE}"
EndProject
Project("{F2A71F9B-5D33-465A-A702-920D77279786}") = "FsApi.Batch", "src\FsApi.Batch\FsApi.Batch.fsproj", "{650B7E22-7A91-4F55-8585-B51A94FF95DC}"
EndProject
Project("{2150E333-8FDC-42A3-9474-1A3956D46DE8}") = "tests", "tests", "{0AB3BF05-4346-4AA6-1389-037BE0695223}"
EndProject
Project("{F2A71F9B-5D33-465A-A702-920D77279786}") = "FsApi.SharedKernel", "src\FsApi.SharedKernel\FsApi.SharedKernel.fsproj", "{9E5259C4-FAF8-44D0-9DDC-B0EA4C719803}"
EndProject
Project("{F2A71F9B-5D33-465A-A702-920D77279786}") = "FsApi.Todo", "src\FsApi.Todo\FsApi.Todo.fsproj", "{6A4DDE6C-4C55-43D2-8E69-0E040F09D0AD}"
EndProject
Project("{F2A71F9B-5D33-465A-A702-920D77279786}") = "FsApi.Todo.Tests", "tests\FsApi.Todo.Tests\FsApi.Todo.Tests.fsproj", "{26DC697D-D1A2-4172-B309-DC07A06A0F65}"
EndProject
Global
	GlobalSection(SolutionConfigurationPlatforms) = preSolution
		Debug|Any CPU = Debug|Any CPU
		Debug|x64 = Debug|x64
		Debug|x86 = Debug|x86
		Release|Any CPU = Release|Any CPU
		Release|x64 = Release|x64
		Release|x86 = Release|x86
	EndGlobalSection
	GlobalSection(ProjectConfigurationPlatforms) = postSolution
		{0C34EC8E-9491-4C68-84A1-5B1D35693548}.Debug|Any CPU.ActiveCfg = Debug|Any CPU
		{0C34EC8E-9491-4C68-84A1-5B1D35693548}.Debug|Any CPU.Build.0 = Debug|Any CPU
		{0C34EC8E-9491-4C68-84A1-5B1D35693548}.Debug|x64.ActiveCfg = Debug|Any CPU
		{0C34EC8E-9491-4C68-84A1-5B1D35693548}.Debug|x64.Build.0 = Debug|Any CPU
		{0C34EC8E-9491-4C68-84A1-5B1D35693548}.Debug|x86.ActiveCfg = Debug|Any CPU
		{0C34EC8E-9491-4C68-84A1-5B1D35693548}.Debug|x86.Build.0 = Debug|Any CPU
		{0C34EC8E-9491-4C68-84A1-5B1D35693548}.Release|Any CPU.ActiveCfg = Release|Any CPU
		{0C34EC8E-9491-4C68-84A1-5B1D35693548}.Release|Any CPU.Build.0 = Release|Any CPU
		{0C34EC8E-9491-4C68-84A1-5B1D35693548}.Release|x64.ActiveCfg = Release|Any CPU
		{0C34EC8E-9491-4C68-84A1-5B1D35693548}.Release|x64.Build.0 = Release|Any CPU
		{0C34EC8E-9491-4C68-84A1-5B1D35693548}.Release|x86.ActiveCfg = Release|Any CPU
		{0C34EC8E-9491-4C68-84A1-5B1D35693548}.Release|x86.Build.0 = Release|Any CPU
		{60575534-5B1F-4A38-A345-75A622719DDE}.Debug|Any CPU.ActiveCfg = Debug|Any CPU
		{60575534-5B1F-4A38-A345-75A622719DDE}.Debug|Any CPU.Build.0 = Debug|Any CPU
		{60575534-5B1F-4A38-A345-75A622719DDE}.Debug|x64.ActiveCfg = Debug|Any CPU
		{60575534-5B1F-4A38-A345-75A622719DDE}.Debug|x64.Build.0 = Debug|Any CPU
		{60575534-5B1F-4A38-A345-75A622719DDE}.Debug|x86.ActiveCfg = Debug|Any CPU
		{60575534-5B1F-4A38-A345-75A622719DDE}.Debug|x86.Build.0 = Debug|Any CPU
		{60575534-5B1F-4A38-A345-75A622719DDE}.Release|Any CPU.ActiveCfg = Release|Any CPU
		{60575534-5B1F-4A38-A345-75A622719DDE}.Release|Any CPU.Build.0 = Release|Any CPU
		{60575534-5B1F-4A38-A345-75A622719DDE}.Release|x64.ActiveCfg = Release|Any CPU
		{60575534-5B1F-4A38-A345-75A622719DDE}.Release|x64.Build.0 = Release|Any CPU
		{60575534-5B1F-4A38-A345-75A622719DDE}.Release|x86.ActiveCfg = Release|Any CPU
		{60575534-5B1F-4A38-A345-75A622719DDE}.Release|x86.Build.0 = Release|Any CPU
		{650B7E22-7A91-4F55-8585-B51A94FF95DC}.Debug|Any CPU.ActiveCfg = Debug|Any CPU
		{650B7E22-7A91-4F55-8585-B51A94FF95DC}.Debug|Any CPU.Build.0 = Debug|Any CPU
		{650B7E22-7A91-4F55-8585-B51A94FF95DC}.Debug|x64.ActiveCfg = Debug|Any CPU
		{650B7E22-7A91-4F55-8585-B51A94FF95DC}.Debug|x64.Build.0 = Debug|Any CPU
		{650B7E22-7A91-4F55-8585-B51A94FF95DC}.Debug|x86.ActiveCfg = Debug|Any CPU
		{650B7E22-7A91-4F55-8585-B51A94FF95DC}.Debug|x86.Build.0 = Debug|Any CPU
		{650B7E22-7A91-4F55-8585-B51A94FF95DC}.Release|Any CPU.ActiveCfg = Release|Any CPU
		{650B7E22-7A91-4F55-8585-B51A94FF95DC}.Release|Any CPU.Build.0 = Release|Any CPU
		{650B7E22-7A91-4F55-8585-B51A94FF95DC}.Release|x64.ActiveCfg = Release|Any CPU
		{650B7E22-7A91-4F55-8585-B51A94FF95DC}.Release|x64.Build.0 = Release|Any CPU
		{650B7E22-7A91-4F55-8585-B51A94FF95DC}.Release|x86.ActiveCfg = Release|Any CPU
		{650B7E22-7A91-4F55-8585-B51A94FF95DC}.Release|x86.Build.0 = Release|Any CPU
		{9E5259C4-FAF8-44D0-9DDC-B0EA4C719803}.Debug|Any CPU.ActiveCfg = Debug|Any CPU
		{9E5259C4-FAF8-44D0-9DDC-B0EA4C719803}.Debug|Any CPU.Build.0 = Debug|Any CPU
		{9E5259C4-FAF8-44D0-9DDC-B0EA4C719803}.Debug|x64.ActiveCfg = Debug|Any CPU
		{9E5259C4-FAF8-44D0-9DDC-B0EA4C719803}.Debug|x64.Build.0 = Debug|Any CPU
		{9E5259C4-FAF8-44D0-9DDC-B0EA4C719803}.Debug|x86.ActiveCfg = Debug|Any CPU
		{9E5259C4-FAF8-44D0-9DDC-B0EA4C719803}.Debug|x86.Build.0 = Debug|Any CPU
		{9E5259C4-FAF8-44D0-9DDC-B0EA4C719803}.Release|Any CPU.ActiveCfg = Release|Any CPU
		{9E5259C4-FAF8-44D0-9DDC-B0EA4C719803}.Release|Any CPU.Build.0 = Release|Any CPU
		{9E5259C4-FAF8-44D0-9DDC-B0EA4C719803}.Release|x64.ActiveCfg = Release|Any CPU
		{9E5259C4-FAF8-44D0-9DDC-B0EA4C719803}.Release|x64.Build.0 = Release|Any CPU
		{9E5259C4-FAF8-44D0-9DDC-B0EA4C719803}.Release|x86.ActiveCfg = Release|Any CPU
		{9E5259C4-FAF8-44D0-9DDC-B0EA4C719803}.Release|x86.Build.0 = Release|Any CPU
		{6A4DDE6C-4C55-43D2-8E69-0E040F09D0AD}.Debug|Any CPU.ActiveCfg = Debug|Any CPU
		{6A4DDE6C-4C55-43D2-8E69-0E040F09D0AD}.Debug|Any CPU.Build.0 = Debug|Any CPU
		{6A4DDE6C-4C55-43D2-8E69-0E040F09D0AD}.Debug|x64.ActiveCfg = Debug|Any CPU
		{6A4DDE6C-4C55-43D2-8E69-0E040F09D0AD}.Debug|x64.Build.0 = Debug|Any CPU
		{6A4DDE6C-4C55-43D2-8E69-0E040F09D0AD}.Debug|x86.ActiveCfg = Debug|Any CPU
		{6A4DDE6C-4C55-43D2-8E69-0E040F09D0AD}.Debug|x86.Build.0 = Debug|Any CPU
		{6A4DDE6C-4C55-43D2-8E69-0E040F09D0AD}.Release|Any CPU.ActiveCfg = Release|Any CPU
		{6A4DDE6C-4C55-43D2-8E69-0E040F09D0AD}.Release|Any CPU.Build.0 = Release|Any CPU
		{6A4DDE6C-4C55-43D2-8E69-0E040F09D0AD}.Release|x64.ActiveCfg = Release|Any CPU
		{6A4DDE6C-4C55-43D2-8E69-0E040F09D0AD}.Release|x64.Build.0 = Release|Any CPU
		{6A4DDE6C-4C55-43D2-8E69-0E040F09D0AD}.Release|x86.ActiveCfg = Release|Any CPU
		{6A4DDE6C-4C55-43D2-8E69-0E040F09D0AD}.Release|x86.Build.0 = Release|Any CPU
		{26DC697D-D1A2-4172-B309-DC07A06A0F65}.Debug|Any CPU.ActiveCfg = Debug|Any CPU
		{26DC697D-D1A2-4172-B309-DC07A06A0F65}.Debug|Any CPU.Build.0 = Debug|Any CPU
		{26DC697D-D1A2-4172-B309-DC07A06A0F65}.Debug|x64.ActiveCfg = Debug|Any CPU
		{26DC697D-D1A2-4172-B309-DC07A06A0F65}.Debug|x64.Build.0 = Debug|Any CPU
		{26DC697D-D1A2-4172-B309-DC07A06A0F65}.Debug|x86.ActiveCfg = Debug|Any CPU
		{26DC697D-D1A2-4172-B309-DC07A06A0F65}.Debug|x86.Build.0 = Debug|Any CPU
		{26DC697D-D1A2-4172-B309-DC07A06A0F65}.Release|Any CPU.ActiveCfg = Release|Any CPU
		{26DC697D-D1A2-4172-B309-DC07A06A0F65}.Release|Any CPU.Build.0 = Release|Any CPU
		{26DC697D-D1A2-4172-B309-DC07A06A0F65}.Release|x64.ActiveCfg = Release|Any CPU
		{26DC697D-D1A2-4172-B309-DC07A06A0F65}.Release|x64.Build.0 = Release|Any CPU
		{26DC697D-D1A2-4172-B309-DC07A06A0F65}.Release|x86.ActiveCfg = Release|Any CPU
		{26DC697D-D1A2-4172-B309-DC07A06A0F65}.Release|x86.Build.0 = Release|Any CPU
	EndGlobalSection
	GlobalSection(SolutionProperties) = preSolution
		HideSolutionNode = FALSE
	EndGlobalSection
	GlobalSection(NestedProjects) = preSolution
		{0C34EC8E-9491-4C68-84A1-5B1D35693548} = {827E0CD3-B72D-47B6-A68D-7590B98EB39B}
		{60575534-5B1F-4A38-A345-75A622719DDE} = {827E0CD3-B72D-47B6-A68D-7590B98EB39B}
		{650B7E22-7A91-4F55-8585-B51A94FF95DC} = {827E0CD3-B72D-47B6-A68D-7590B98EB39B}
		{9E5259C4-FAF8-44D0-9DDC-B0EA4C719803} = {827E0CD3-B72D-47B6-A68D-7590B98EB39B}
		{6A4DDE6C-4C55-43D2-8E69-0E040F09D0AD} = {827E0CD3-B72D-47B6-A68D-7590B98EB39B}
		{26DC697D-D1A2-4172-B309-DC07A06A0F65} = {0AB3BF05-4346-4AA6-1389-037BE0695223}
	EndGlobalSection
EndGlobal
